// !$*UTF8*$!
{
	archiveVersion = 1;
	classes = {
	};
	objectVersion = 46;
	objects = {

/* Begin PBXBuildFile section */
		5A0F93B91B692155002C9E7F /* vaccine.jpg in Resources */ = {isa = PBXBuildFile; fileRef = 5A0F93B81B692155002C9E7F /* vaccine.jpg */; };
		5A0F93BB1B6924E7002C9E7F /* VaccineVerificationScreen.swift in Sources */ = {isa = PBXBuildFile; fileRef = 5A0F93BA1B6924E7002C9E7F /* VaccineVerificationScreen.swift */; };
		5A0F93BF1B692E04002C9E7F /* Number Line 1.PNG in Resources */ = {isa = PBXBuildFile; fileRef = 5A0F93BC1B692E04002C9E7F /* Number Line 1.PNG */; };
		5A0F93C01B692E04002C9E7F /* Number Line 3.PNG in Resources */ = {isa = PBXBuildFile; fileRef = 5A0F93BD1B692E04002C9E7F /* Number Line 3.PNG */; };
		5A0F93C11B692E04002C9E7F /* Number Line 4.PNG in Resources */ = {isa = PBXBuildFile; fileRef = 5A0F93BE1B692E04002C9E7F /* Number Line 4.PNG */; };
		5A0F93C51B692E14002C9E7F /* Number Line 5.PNG in Resources */ = {isa = PBXBuildFile; fileRef = 5A0F93C41B692E14002C9E7F /* Number Line 5.PNG */; };
		5A1720A01B66CB6E00348E98 /* PatientVerificationScreen.swift in Sources */ = {isa = PBXBuildFile; fileRef = 5A17209F1B66CB6E00348E98 /* PatientVerificationScreen.swift */; };
		5A1BBA551B58029C00D4B43D /* AppDelegate.swift in Sources */ = {isa = PBXBuildFile; fileRef = 5A1BBA541B58029C00D4B43D /* AppDelegate.swift */; };
		5A1BBA581B58029D00D4B43D /* QRGS1_026.xcdatamodeld in Sources */ = {isa = PBXBuildFile; fileRef = 5A1BBA561B58029D00D4B43D /* QRGS1_026.xcdatamodeld */; };
		5A1BBA5A1B58029D00D4B43D /* LoginScreen.swift in Sources */ = {isa = PBXBuildFile; fileRef = 5A1BBA591B58029D00D4B43D /* LoginScreen.swift */; };
		5A1BBA5D1B58029D00D4B43D /* Main.storyboard in Resources */ = {isa = PBXBuildFile; fileRef = 5A1BBA5B1B58029D00D4B43D /* Main.storyboard */; };
		5A1BBA5F1B58029D00D4B43D /* Images.xcassets in Resources */ = {isa = PBXBuildFile; fileRef = 5A1BBA5E1B58029D00D4B43D /* Images.xcassets */; };
		5A1BBA621B58029D00D4B43D /* LaunchScreen.xib in Resources */ = {isa = PBXBuildFile; fileRef = 5A1BBA601B58029D00D4B43D /* LaunchScreen.xib */; };
		5A1BBA6E1B58029D00D4B43D /* QRGS1_026Tests.swift in Sources */ = {isa = PBXBuildFile; fileRef = 5A1BBA6D1B58029D00D4B43D /* QRGS1_026Tests.swift */; };
		5A1BBA8D1B5834D100D4B43D /* FinalSubmitScreen.swift in Sources */ = {isa = PBXBuildFile; fileRef = 5A1BBA891B5834D100D4B43D /* FinalSubmitScreen.swift */; };
		5A1BBA8E1B5834D100D4B43D /* PatientInformationScreen.swift in Sources */ = {isa = PBXBuildFile; fileRef = 5A1BBA8A1B5834D100D4B43D /* PatientInformationScreen.swift */; };
		5A1BBA901B5834D100D4B43D /* VaccineInformationScreen.swift in Sources */ = {isa = PBXBuildFile; fileRef = 5A1BBA8C1B5834D100D4B43D /* VaccineInformationScreen.swift */; };
		5A1BBA921B583C8800D4B43D /* WelcomeScreen.swift in Sources */ = {isa = PBXBuildFile; fileRef = 5A1BBA911B583C8800D4B43D /* WelcomeScreen.swift */; };
		5A1FF1A01B617CC70013AE55 /* Images in Resources */ = {isa = PBXBuildFile; fileRef = 5A1FF19F1B617CC70013AE55 /* Images */; };
		5A1FF1A11B617CC70013AE55 /* Images in Resources */ = {isa = PBXBuildFile; fileRef = 5A1FF19F1B617CC70013AE55 /* Images */; };
		5A1FF1A31B617CF50013AE55 /* Grey Bruce Logo.png in Resources */ = {isa = PBXBuildFile; fileRef = 5A1FF1A21B617CF50013AE55 /* Grey Bruce Logo.png */; };
		5A1FF1A41B617CF50013AE55 /* Grey Bruce Logo.png in Resources */ = {isa = PBXBuildFile; fileRef = 5A1FF1A21B617CF50013AE55 /* Grey Bruce Logo.png */; };
		5A1FF1A61B617D0E0013AE55 /* Hamilton Logo.png in Resources */ = {isa = PBXBuildFile; fileRef = 5A1FF1A51B617D0E0013AE55 /* Hamilton Logo.png */; };
		5A1FF1A71B617D0E0013AE55 /* Hamilton Logo.png in Resources */ = {isa = PBXBuildFile; fileRef = 5A1FF1A51B617D0E0013AE55 /* Hamilton Logo.png */; };
		5A1FF1A91B617D120013AE55 /* Niagara Logo.png in Resources */ = {isa = PBXBuildFile; fileRef = 5A1FF1A81B617D120013AE55 /* Niagara Logo.png */; };
		5A1FF1AA1B617D120013AE55 /* Niagara Logo.png in Resources */ = {isa = PBXBuildFile; fileRef = 5A1FF1A81B617D120013AE55 /* Niagara Logo.png */; };
		5A1FF1AC1B617D2F0013AE55 /* Ontario Logo.png in Resources */ = {isa = PBXBuildFile; fileRef = 5A1FF1AB1B617D2F0013AE55 /* Ontario Logo.png */; };
		5A1FF1AD1B617D2F0013AE55 /* Ontario Logo.png in Resources */ = {isa = PBXBuildFile; fileRef = 5A1FF1AB1B617D2F0013AE55 /* Ontario Logo.png */; };
		5A1FF1AF1B617D380013AE55 /* Peel Logo.png in Resources */ = {isa = PBXBuildFile; fileRef = 5A1FF1AE1B617D380013AE55 /* Peel Logo.png */; };
		5A1FF1B01B617D380013AE55 /* Peel Logo.png in Resources */ = {isa = PBXBuildFile; fileRef = 5A1FF1AE1B617D380013AE55 /* Peel Logo.png */; };
		5A1FF1B21B617D3D0013AE55 /* Toronto Logo.png in Resources */ = {isa = PBXBuildFile; fileRef = 5A1FF1B11B617D3D0013AE55 /* Toronto Logo.png */; };
		5A1FF1B31B617D3D0013AE55 /* Toronto Logo.png in Resources */ = {isa = PBXBuildFile; fileRef = 5A1FF1B11B617D3D0013AE55 /* Toronto Logo.png */; };
		5A1FF1B51B617D420013AE55 /* personalInfo.png in Resources */ = {isa = PBXBuildFile; fileRef = 5A1FF1B41B617D420013AE55 /* personalInfo.png */; };
		5A1FF1B61B617D420013AE55 /* personalInfo.png in Resources */ = {isa = PBXBuildFile; fileRef = 5A1FF1B41B617D420013AE55 /* personalInfo.png */; };
		5A8285631B6970BD006563AA /* Number Line 2 copy.PNG in Resources */ = {isa = PBXBuildFile; fileRef = 5A8285621B6970BD006563AA /* Number Line 2 copy.PNG */; };
/* End PBXBuildFile section */

/* Begin PBXContainerItemProxy section */
		5A1BBA681B58029D00D4B43D /* PBXContainerItemProxy */ = {
			isa = PBXContainerItemProxy;
			containerPortal = 5A1BBA471B58029C00D4B43D /* Project object */;
			proxyType = 1;
			remoteGlobalIDString = 5A1BBA4E1B58029C00D4B43D;
			remoteInfo = "QRGS1-026";
		};
/* End PBXContainerItemProxy section */

/* Begin PBXFileReference section */
		5A0F93B81B692155002C9E7F /* vaccine.jpg */ = {isa = PBXFileReference; lastKnownFileType = image.jpeg; path = vaccine.jpg; sourceTree = "<group>"; };
		5A0F93BA1B6924E7002C9E7F /* VaccineVerificationScreen.swift */ = {isa = PBXFileReference; fileEncoding = 4; lastKnownFileType = sourcecode.swift; path = VaccineVerificationScreen.swift; sourceTree = "<group>"; };
		5A0F93BC1B692E04002C9E7F /* Number Line 1.PNG */ = {isa = PBXFileReference; lastKnownFileType = image.png; path = "Number Line 1.PNG"; sourceTree = "<group>"; };
		5A0F93BD1B692E04002C9E7F /* Number Line 3.PNG */ = {isa = PBXFileReference; lastKnownFileType = image.png; path = "Number Line 3.PNG"; sourceTree = "<group>"; };
		5A0F93BE1B692E04002C9E7F /* Number Line 4.PNG */ = {isa = PBXFileReference; lastKnownFileType = image.png; path = "Number Line 4.PNG"; sourceTree = "<group>"; };
		5A0F93C41B692E14002C9E7F /* Number Line 5.PNG */ = {isa = PBXFileReference; lastKnownFileType = image.png; path = "Number Line 5.PNG"; sourceTree = "<group>"; };
		5A17209F1B66CB6E00348E98 /* PatientVerificationScreen.swift */ = {isa = PBXFileReference; fileEncoding = 4; lastKnownFileType = sourcecode.swift; path = PatientVerificationScreen.swift; sourceTree = "<group>"; };
		5A1BBA4F1B58029C00D4B43D /* QRGS1-026.app */ = {isa = PBXFileReference; explicitFileType = wrapper.application; includeInIndex = 0; path = "QRGS1-026.app"; sourceTree = BUILT_PRODUCTS_DIR; };
		5A1BBA531B58029C00D4B43D /* Info.plist */ = {isa = PBXFileReference; lastKnownFileType = text.plist.xml; path = Info.plist; sourceTree = "<group>"; };
		5A1BBA541B58029C00D4B43D /* AppDelegate.swift */ = {isa = PBXFileReference; lastKnownFileType = sourcecode.swift; path = AppDelegate.swift; sourceTree = "<group>"; };
		5A1BBA571B58029D00D4B43D /* QRGS1_026.xcdatamodel */ = {isa = PBXFileReference; lastKnownFileType = wrapper.xcdatamodel; path = QRGS1_026.xcdatamodel; sourceTree = "<group>"; };
		5A1BBA591B58029D00D4B43D /* LoginScreen.swift */ = {isa = PBXFileReference; lastKnownFileType = sourcecode.swift; path = LoginScreen.swift; sourceTree = "<group>"; };
		5A1BBA5C1B58029D00D4B43D /* Base */ = {isa = PBXFileReference; lastKnownFileType = file.storyboard; name = Base; path = Base.lproj/Main.storyboard; sourceTree = "<group>"; };
		5A1BBA5E1B58029D00D4B43D /* Images.xcassets */ = {isa = PBXFileReference; lastKnownFileType = folder.assetcatalog; path = Images.xcassets; sourceTree = "<group>"; };
		5A1BBA611B58029D00D4B43D /* Base */ = {isa = PBXFileReference; lastKnownFileType = file.xib; name = Base; path = Base.lproj/LaunchScreen.xib; sourceTree = "<group>"; };
		5A1BBA671B58029D00D4B43D /* QRGS1-026Tests.xctest */ = {isa = PBXFileReference; explicitFileType = wrapper.cfbundle; includeInIndex = 0; path = "QRGS1-026Tests.xctest"; sourceTree = BUILT_PRODUCTS_DIR; };
		5A1BBA6C1B58029D00D4B43D /* Info.plist */ = {isa = PBXFileReference; lastKnownFileType = text.plist.xml; path = Info.plist; sourceTree = "<group>"; };
		5A1BBA6D1B58029D00D4B43D /* QRGS1_026Tests.swift */ = {isa = PBXFileReference; lastKnownFileType = sourcecode.swift; path = QRGS1_026Tests.swift; sourceTree = "<group>"; };
		5A1BBA891B5834D100D4B43D /* FinalSubmitScreen.swift */ = {isa = PBXFileReference; fileEncoding = 4; lastKnownFileType = sourcecode.swift; path = FinalSubmitScreen.swift; sourceTree = "<group>"; };
		5A1BBA8A1B5834D100D4B43D /* PatientInformationScreen.swift */ = {isa = PBXFileReference; fileEncoding = 4; lastKnownFileType = sourcecode.swift; path = PatientInformationScreen.swift; sourceTree = "<group>"; };
		5A1BBA8C1B5834D100D4B43D /* VaccineInformationScreen.swift */ = {isa = PBXFileReference; fileEncoding = 4; lastKnownFileType = sourcecode.swift; path = VaccineInformationScreen.swift; sourceTree = "<group>"; };
		5A1BBA911B583C8800D4B43D /* WelcomeScreen.swift */ = {isa = PBXFileReference; fileEncoding = 4; lastKnownFileType = sourcecode.swift; path = WelcomeScreen.swift; sourceTree = "<group>"; };
		5A1FF19F1B617CC70013AE55 /* Images */ = {isa = PBXFileReference; lastKnownFileType = folder; path = Images; sourceTree = "<group>"; };
		5A1FF1A21B617CF50013AE55 /* Grey Bruce Logo.png */ = {isa = PBXFileReference; lastKnownFileType = image.png; name = "Grey Bruce Logo.png"; path = "Images/Grey Bruce Logo.png"; sourceTree = "<group>"; };
		5A1FF1A51B617D0E0013AE55 /* Hamilton Logo.png */ = {isa = PBXFileReference; lastKnownFileType = image.png; name = "Hamilton Logo.png"; path = "Images/Hamilton Logo.png"; sourceTree = "<group>"; };
		5A1FF1A81B617D120013AE55 /* Niagara Logo.png */ = {isa = PBXFileReference; lastKnownFileType = image.png; name = "Niagara Logo.png"; path = "Images/Niagara Logo.png"; sourceTree = "<group>"; };
		5A1FF1AB1B617D2F0013AE55 /* Ontario Logo.png */ = {isa = PBXFileReference; lastKnownFileType = image.png; name = "Ontario Logo.png"; path = "Images/Ontario Logo.png"; sourceTree = "<group>"; };
		5A1FF1AE1B617D380013AE55 /* Peel Logo.png */ = {isa = PBXFileReference; lastKnownFileType = image.png; name = "Peel Logo.png"; path = "Images/Peel Logo.png"; sourceTree = "<group>"; };
		5A1FF1B11B617D3D0013AE55 /* Toronto Logo.png */ = {isa = PBXFileReference; lastKnownFileType = image.png; name = "Toronto Logo.png"; path = "Images/Toronto Logo.png"; sourceTree = "<group>"; };
		5A1FF1B41B617D420013AE55 /* personalInfo.png */ = {isa = PBXFileReference; lastKnownFileType = image.png; name = personalInfo.png; path = Images/personalInfo.png; sourceTree = "<group>"; };
		5A8285621B6970BD006563AA /* Number Line 2 copy.PNG */ = {isa = PBXFileReference; lastKnownFileType = image.png; path = "Number Line 2 copy.PNG"; sourceTree = "<group>"; };
/* End PBXFileReference section */

/* Begin PBXFrameworksBuildPhase section */
		5A1BBA4C1B58029C00D4B43D /* Frameworks */ = {
			isa = PBXFrameworksBuildPhase;
			buildActionMask = 2147483647;
			files = (
			);
			runOnlyForDeploymentPostprocessing = 0;
		};
		5A1BBA641B58029D00D4B43D /* Frameworks */ = {
			isa = PBXFrameworksBuildPhase;
			buildActionMask = 2147483647;
			files = (
			);
			runOnlyForDeploymentPostprocessing = 0;
		};
/* End PBXFrameworksBuildPhase section */

/* Begin PBXGroup section */
		5A1BBA461B58029C00D4B43D = {
			isa = PBXGroup;
			children = (
				5A1BBA511B58029C00D4B43D /* QRGS1-026 */,
				5A1BBA6A1B58029D00D4B43D /* QRGS1-026Tests */,
				5A1BBA501B58029C00D4B43D /* Products */,
			);
			sourceTree = "<group>";
		};
		5A1BBA501B58029C00D4B43D /* Products */ = {
			isa = PBXGroup;
			children = (
				5A1BBA4F1B58029C00D4B43D /* QRGS1-026.app */,
				5A1BBA671B58029D00D4B43D /* QRGS1-026Tests.xctest */,
			);
			name = Products;
			sourceTree = "<group>";
		};
		5A1BBA511B58029C00D4B43D /* QRGS1-026 */ = {
			isa = PBXGroup;
			children = (
				5A1BBA5B1B58029D00D4B43D /* Main.storyboard */,
				5A1BBA541B58029C00D4B43D /* AppDelegate.swift */,
				5A1BBA591B58029D00D4B43D /* LoginScreen.swift */,
				5A1BBA911B583C8800D4B43D /* WelcomeScreen.swift */,
				5A1BBA8A1B5834D100D4B43D /* PatientInformationScreen.swift */,
				5A17209F1B66CB6E00348E98 /* PatientVerificationScreen.swift */,
				5A1BBA8C1B5834D100D4B43D /* VaccineInformationScreen.swift */,
				5A0F93BA1B6924E7002C9E7F /* VaccineVerificationScreen.swift */,
				5A1BBA891B5834D100D4B43D /* FinalSubmitScreen.swift */,
				5A1FF1A21B617CF50013AE55 /* Grey Bruce Logo.png */,
				5A1FF1A51B617D0E0013AE55 /* Hamilton Logo.png */,
				5A1FF1A81B617D120013AE55 /* Niagara Logo.png */,
				5A1FF1AB1B617D2F0013AE55 /* Ontario Logo.png */,
				5A1FF1AE1B617D380013AE55 /* Peel Logo.png */,
				5A1FF1B11B617D3D0013AE55 /* Toronto Logo.png */,
				5A1FF1B41B617D420013AE55 /* personalInfo.png */,
				5A0F93B81B692155002C9E7F /* vaccine.jpg */,
				5A0F93BC1B692E04002C9E7F /* Number Line 1.PNG */,
				5A8285621B6970BD006563AA /* Number Line 2 copy.PNG */,
				5A0F93BD1B692E04002C9E7F /* Number Line 3.PNG */,
				5A0F93BE1B692E04002C9E7F /* Number Line 4.PNG */,
				5A0F93C41B692E14002C9E7F /* Number Line 5.PNG */,
				5A1FF19F1B617CC70013AE55 /* Images */,
				5A1BBA5E1B58029D00D4B43D /* Images.xcassets */,
				5A1BBA601B58029D00D4B43D /* LaunchScreen.xib */,
				5A1BBA561B58029D00D4B43D /* QRGS1_026.xcdatamodeld */,
				5A1BBA521B58029C00D4B43D /* Supporting Files */,
			);
			path = "QRGS1-026";
			sourceTree = "<group>";
		};
		5A1BBA521B58029C00D4B43D /* Supporting Files */ = {
			isa = PBXGroup;
			children = (
				5A1BBA531B58029C00D4B43D /* Info.plist */,
			);
			name = "Supporting Files";
			sourceTree = "<group>";
		};
		5A1BBA6A1B58029D00D4B43D /* QRGS1-026Tests */ = {
			isa = PBXGroup;
			children = (
				5A1BBA6D1B58029D00D4B43D /* QRGS1_026Tests.swift */,
				5A1BBA6B1B58029D00D4B43D /* Supporting Files */,
			);
			path = "QRGS1-026Tests";
			sourceTree = "<group>";
		};
		5A1BBA6B1B58029D00D4B43D /* Supporting Files */ = {
			isa = PBXGroup;
			children = (
				5A1BBA6C1B58029D00D4B43D /* Info.plist */,
			);
			name = "Supporting Files";
			sourceTree = "<group>";
		};
/* End PBXGroup section */

/* Begin PBXNativeTarget section */
		5A1BBA4E1B58029C00D4B43D /* QRGS1-026 */ = {
			isa = PBXNativeTarget;
			buildConfigurationList = 5A1BBA711B58029D00D4B43D /* Build configuration list for PBXNativeTarget "QRGS1-026" */;
			buildPhases = (
				5A1BBA4B1B58029C00D4B43D /* Sources */,
				5A1BBA4C1B58029C00D4B43D /* Frameworks */,
				5A1BBA4D1B58029C00D4B43D /* Resources */,
			);
			buildRules = (
			);
			dependencies = (
			);
			name = "QRGS1-026";
			productName = "QRGS1-026";
			productReference = 5A1BBA4F1B58029C00D4B43D /* QRGS1-026.app */;
			productType = "com.apple.product-type.application";
		};
		5A1BBA661B58029D00D4B43D /* QRGS1-026Tests */ = {
			isa = PBXNativeTarget;
			buildConfigurationList = 5A1BBA741B58029D00D4B43D /* Build configuration list for PBXNativeTarget "QRGS1-026Tests" */;
			buildPhases = (
				5A1BBA631B58029D00D4B43D /* Sources */,
				5A1BBA641B58029D00D4B43D /* Frameworks */,
				5A1BBA651B58029D00D4B43D /* Resources */,
			);
			buildRules = (
			);
			dependencies = (
				5A1BBA691B58029D00D4B43D /* PBXTargetDependency */,
			);
			name = "QRGS1-026Tests";
			productName = "QRGS1-026Tests";
			productReference = 5A1BBA671B58029D00D4B43D /* QRGS1-026Tests.xctest */;
			productType = "com.apple.product-type.bundle.unit-test";
		};
/* End PBXNativeTarget section */

/* Begin PBXProject section */
		5A1BBA471B58029C00D4B43D /* Project object */ = {
			isa = PBXProject;
			attributes = {
				LastUpgradeCheck = 0640;
				ORGANIZATIONNAME = "Angelina Choi";
				TargetAttributes = {
					5A1BBA4E1B58029C00D4B43D = {
						CreatedOnToolsVersion = 6.4;
					};
					5A1BBA661B58029D00D4B43D = {
						CreatedOnToolsVersion = 6.4;
						TestTargetID = 5A1BBA4E1B58029C00D4B43D;
					};
				};
			};
			buildConfigurationList = 5A1BBA4A1B58029C00D4B43D /* Build configuration list for PBXProject "QRGS1-026" */;
			compatibilityVersion = "Xcode 3.2";
			developmentRegion = English;
			hasScannedForEncodings = 0;
			knownRegions = (
				en,
				Base,
			);
			mainGroup = 5A1BBA461B58029C00D4B43D;
			productRefGroup = 5A1BBA501B58029C00D4B43D /* Products */;
			projectDirPath = "";
			projectRoot = "";
			targets = (
				5A1BBA4E1B58029C00D4B43D /* QRGS1-026 */,
				5A1BBA661B58029D00D4B43D /* QRGS1-026Tests */,
			);
		};
/* End PBXProject section */

/* Begin PBXResourcesBuildPhase section */
		5A1BBA4D1B58029C00D4B43D /* Resources */ = {
			isa = PBXResourcesBuildPhase;
			buildActionMask = 2147483647;
			files = (
				5A0F93C11B692E04002C9E7F /* Number Line 4.PNG in Resources */,
				5A0F93BF1B692E04002C9E7F /* Number Line 1.PNG in Resources */,
				5A1FF1AC1B617D2F0013AE55 /* Ontario Logo.png in Resources */,
				5A8285631B6970BD006563AA /* Number Line 2 copy.PNG in Resources */,
				5A1FF1AF1B617D380013AE55 /* Peel Logo.png in Resources */,
				5A0F93C51B692E14002C9E7F /* Number Line 5.PNG in Resources */,
				5A1FF1A01B617CC70013AE55 /* Images in Resources */,
				5A1FF1A61B617D0E0013AE55 /* Hamilton Logo.png in Resources */,
				5A1BBA5D1B58029D00D4B43D /* Main.storyboard in Resources */,
				5A0F93B91B692155002C9E7F /* vaccine.jpg in Resources */,
				5A1FF1A31B617CF50013AE55 /* Grey Bruce Logo.png in Resources */,
				5A1BBA621B58029D00D4B43D /* LaunchScreen.xib in Resources */,
				5A1FF1B21B617D3D0013AE55 /* Toronto Logo.png in Resources */,
				5A0F93C01B692E04002C9E7F /* Number Line 3.PNG in Resources */,
				5A1FF1B51B617D420013AE55 /* personalInfo.png in Resources */,
				5A1FF1A91B617D120013AE55 /* Niagara Logo.png in Resources */,
				5A1BBA5F1B58029D00D4B43D /* Images.xcassets in Resources */,
			);
			runOnlyForDeploymentPostprocessing = 0;
		};
		5A1BBA651B58029D00D4B43D /* Resources */ = {
			isa = PBXResourcesBuildPhase;
			buildActionMask = 2147483647;
			files = (
				5A1FF1A11B617CC70013AE55 /* Images in Resources */,
				5A1FF1B31B617D3D0013AE55 /* Toronto Logo.png in Resources */,
				5A1FF1B01B617D380013AE55 /* Peel Logo.png in Resources */,
				5A1FF1B61B617D420013AE55 /* personalInfo.png in Resources */,
				5A1FF1AD1B617D2F0013AE55 /* Ontario Logo.png in Resources */,
				5A1FF1A71B617D0E0013AE55 /* Hamilton Logo.png in Resources */,
				5A1FF1A41B617CF50013AE55 /* Grey Bruce Logo.png in Resources */,
				5A1FF1AA1B617D120013AE55 /* Niagara Logo.png in Resources */,
			);
			runOnlyForDeploymentPostprocessing = 0;
		};
/* End PBXResourcesBuildPhase section */

/* Begin PBXSourcesBuildPhase section */
		5A1BBA4B1B58029C00D4B43D /* Sources */ = {
			isa = PBXSourcesBuildPhase;
			buildActionMask = 2147483647;
			files = (
				5A1BBA5A1B58029D00D4B43D /* LoginScreen.swift in Sources */,
				5A1BBA8D1B5834D100D4B43D /* FinalSubmitScreen.swift in Sources */,
				5A0F93BB1B6924E7002C9E7F /* VaccineVerificationScreen.swift in Sources */,
				5A1720A01B66CB6E00348E98 /* PatientVerificationScreen.swift in Sources */,
				5A1BBA921B583C8800D4B43D /* WelcomeScreen.swift in Sources */,
				5A1BBA551B58029C00D4B43D /* AppDelegate.swift in Sources */,
				5A1BBA901B5834D100D4B43D /* VaccineInformationScreen.swift in Sources */,
				5A1BBA8E1B5834D100D4B43D /* PatientInformationScreen.swift in Sources */,
				5A1BBA581B58029D00D4B43D /* QRGS1_026.xcdatamodeld in Sources */,
			);
			runOnlyForDeploymentPostprocessing = 0;
		};
		5A1BBA631B58029D00D4B43D /* Sources */ = {
			isa = PBXSourcesBuildPhase;
			buildActionMask = 2147483647;
			files = (
				5A1BBA6E1B58029D00D4B43D /* QRGS1_026Tests.swift in Sources */,
			);
			runOnlyForDeploymentPostprocessing = 0;
		};
/* End PBXSourcesBuildPhase section */

/* Begin PBXTargetDependency section */
		5A1BBA691B58029D00D4B43D /* PBXTargetDependency */ = {
			isa = PBXTargetDependency;
			target = 5A1BBA4E1B58029C00D4B43D /* QRGS1-026 */;
			targetProxy = 5A1BBA681B58029D00D4B43D /* PBXContainerItemProxy */;
		};
/* End PBXTargetDependency section */

/* Begin PBXVariantGroup section */
		5A1BBA5B1B58029D00D4B43D /* Main.storyboard */ = {
			isa = PBXVariantGroup;
			children = (
				5A1BBA5C1B58029D00D4B43D /* Base */,
			);
			name = Main.storyboard;
			sourceTree = "<group>";
		};
		5A1BBA601B58029D00D4B43D /* LaunchScreen.xib */ = {
			isa = PBXVariantGroup;
			children = (
				5A1BBA611B58029D00D4B43D /* Base */,
			);
			name = LaunchScreen.xib;
			sourceTree = "<group>";
		};
/* End PBXVariantGroup section */

/* Begin XCBuildConfiguration section */
		5A1BBA6F1B58029D00D4B43D /* Debug */ = {
			isa = XCBuildConfiguration;
			buildSettings = {
				ALWAYS_SEARCH_USER_PATHS = NO;
				CLANG_CXX_LANGUAGE_STANDARD = "gnu++0x";
				CLANG_CXX_LIBRARY = "libc++";
				CLANG_ENABLE_MODULES = YES;
				CLANG_ENABLE_OBJC_ARC = YES;
				CLANG_WARN_BOOL_CONVERSION = YES;
				CLANG_WARN_CONSTANT_CONVERSION = YES;
				CLANG_WARN_DIRECT_OBJC_ISA_USAGE = YES_ERROR;
				CLANG_WARN_EMPTY_BODY = YES;
				CLANG_WARN_ENUM_CONVERSION = YES;
				CLANG_WARN_INT_CONVERSION = YES;
				CLANG_WARN_OBJC_ROOT_CLASS = YES_ERROR;
				CLANG_WARN_UNREACHABLE_CODE = YES;
				CLANG_WARN__DUPLICATE_METHOD_MATCH = YES;
				"CODE_SIGN_IDENTITY[sdk=iphoneos*]" = "iPhone Developer";
				COPY_PHASE_STRIP = NO;
				DEBUG_INFORMATION_FORMAT = "dwarf-with-dsym";
				ENABLE_STRICT_OBJC_MSGSEND = YES;
				GCC_C_LANGUAGE_STANDARD = gnu99;
				GCC_DYNAMIC_NO_PIC = NO;
				GCC_NO_COMMON_BLOCKS = YES;
				GCC_OPTIMIZATION_LEVEL = 0;
				GCC_PREPROCESSOR_DEFINITIONS = (
					"DEBUG=1",
					"$(inherited)",
				);
				GCC_SYMBOLS_PRIVATE_EXTERN = NO;
				GCC_WARN_64_TO_32_BIT_CONVERSION = YES;
				GCC_WARN_ABOUT_RETURN_TYPE = YES_ERROR;
				GCC_WARN_UNDECLARED_SELECTOR = YES;
				GCC_WARN_UNINITIALIZED_AUTOS = YES_AGGRESSIVE;
				GCC_WARN_UNUSED_FUNCTION = YES;
				GCC_WARN_UNUSED_VARIABLE = YES;
				IPHONEOS_DEPLOYMENT_TARGET = 8.4;
				MTL_ENABLE_DEBUG_INFO = YES;
				ONLY_ACTIVE_ARCH = YES;
				SDKROOT = iphoneos;
				SWIFT_OPTIMIZATION_LEVEL = "-Onone";
				TARGETED_DEVICE_FAMILY = "1,2";
			};
			name = Debug;
		};
		5A1BBA701B58029D00D4B43D /* Release */ = {
			isa = XCBuildConfiguration;
			buildSettings = {
				ALWAYS_SEARCH_USER_PATHS = NO;
				CLANG_CXX_LANGUAGE_STANDARD = "gnu++0x";
				CLANG_CXX_LIBRARY = "libc++";
				CLANG_ENABLE_MODULES = YES;
				CLANG_ENABLE_OBJC_ARC = YES;
				CLANG_WARN_BOOL_CONVERSION = YES;
				CLANG_WARN_CONSTANT_CONVERSION = YES;
				CLANG_WARN_DIRECT_OBJC_ISA_USAGE = YES_ERROR;
				CLANG_WARN_EMPTY_BODY = YES;
				CLANG_WARN_ENUM_CONVERSION = YES;
				CLANG_WARN_INT_CONVERSION = YES;
				CLANG_WARN_OBJC_ROOT_CLASS = YES_ERROR;
				CLANG_WARN_UNREACHABLE_CODE = YES;
				CLANG_WARN__DUPLICATE_METHOD_MATCH = YES;
				"CODE_SIGN_IDENTITY[sdk=iphoneos*]" = "iPhone Developer";
				COPY_PHASE_STRIP = NO;
				DEBUG_INFORMATION_FORMAT = "dwarf-with-dsym";
				ENABLE_NS_ASSERTIONS = NO;
				ENABLE_STRICT_OBJC_MSGSEND = YES;
				GCC_C_LANGUAGE_STANDARD = gnu99;
				GCC_NO_COMMON_BLOCKS = YES;
				GCC_WARN_64_TO_32_BIT_CONVERSION = YES;
				GCC_WARN_ABOUT_RETURN_TYPE = YES_ERROR;
				GCC_WARN_UNDECLARED_SELECTOR = YES;
				GCC_WARN_UNINITIALIZED_AUTOS = YES_AGGRESSIVE;
				GCC_WARN_UNUSED_FUNCTION = YES;
				GCC_WARN_UNUSED_VARIABLE = YES;
				IPHONEOS_DEPLOYMENT_TARGET = 8.4;
				MTL_ENABLE_DEBUG_INFO = NO;
				SDKROOT = iphoneos;
				TARGETED_DEVICE_FAMILY = "1,2";
				VALIDATE_PRODUCT = YES;
			};
			name = Release;
		};
		5A1BBA721B58029D00D4B43D /* Debug */ = {
			isa = XCBuildConfiguration;
			buildSettings = {
				ASSETCATALOG_COMPILER_APPICON_NAME = AppIcon;
				INFOPLIST_FILE = "QRGS1-026/Info.plist";
				LD_RUNPATH_SEARCH_PATHS = "$(inherited) @executable_path/Frameworks";
				PRODUCT_NAME = "$(TARGET_NAME)";
			};
			name = Debug;
		};
		5A1BBA731B58029D00D4B43D /* Release */ = {
			isa = XCBuildConfiguration;
			buildSettings = {
				ASSETCATALOG_COMPILER_APPICON_NAME = AppIcon;
				INFOPLIST_FILE = "QRGS1-026/Info.plist";
				LD_RUNPATH_SEARCH_PATHS = "$(inherited) @executable_path/Frameworks";
				PRODUCT_NAME = "$(TARGET_NAME)";
			};
			name = Release;
		};
		5A1BBA751B58029D00D4B43D /* Debug */ = {
			isa = XCBuildConfiguration;
			buildSettings = {
				BUNDLE_LOADER = "$(TEST_HOST)";
				FRAMEWORK_SEARCH_PATHS = (
					"$(SDKROOT)/Developer/Library/Frameworks",
					"$(inherited)",
				);
				GCC_PREPROCESSOR_DEFINITIONS = (
					"DEBUG=1",
					"$(inherited)",
				);
				INFOPLIST_FILE = "QRGS1-026Tests/Info.plist";
				LD_RUNPATH_SEARCH_PATHS = "$(inherited) @executable_path/Frameworks @loader_path/Frameworks";
				PRODUCT_NAME = "$(TARGET_NAME)";
				TEST_HOST = "$(BUILT_PRODUCTS_DIR)/QRGS1-026.app/QRGS1-026";
			};
			name = Debug;
		};
		5A1BBA761B58029D00D4B43D /* Release */ = {
			isa = XCBuildConfiguration;
			buildSettings = {
				BUNDLE_LOADER = "$(TEST_HOST)";
				FRAMEWORK_SEARCH_PATHS = (
					"$(SDKROOT)/Developer/Library/Frameworks",
					"$(inherited)",
				);
				INFOPLIST_FILE = "QRGS1-026Tests/Info.plist";
				LD_RUNPATH_SEARCH_PATHS = "$(inherited) @executable_path/Frameworks @loader_path/Frameworks";
				PRODUCT_NAME = "$(TARGET_NAME)";
				TEST_HOST = "$(BUILT_PRODUCTS_DIR)/QRGS1-026.app/QRGS1-026";
			};
			name = Release;
		};
/* End XCBuildConfiguration section */

/* Begin XCConfigurationList section */
		5A1BBA4A1B58029C00D4B43D /* Build configuration list for PBXProject "QRGS1-026" */ = {
			isa = XCConfigurationList;
			buildConfigurations = (
				5A1BBA6F1B58029D00D4B43D /* Debug */,
				5A1BBA701B58029D00D4B43D /* Release */,
			);
			defaultConfigurationIsVisible = 0;
			defaultConfigurationName = Release;
		};
		5A1BBA711B58029D00D4B43D /* Build configuration list for PBXNativeTarget "QRGS1-026" */ = {
			isa = XCConfigurationList;
			buildConfigurations = (
				5A1BBA721B58029D00D4B43D /* Debug */,
				5A1BBA731B58029D00D4B43D /* Release */,
			);
			defaultConfigurationIsVisible = 0;
			defaultConfigurationName = Release;
		};
		5A1BBA741B58029D00D4B43D /* Build configuration list for PBXNativeTarget "QRGS1-026Tests" */ = {
			isa = XCConfigurationList;
			buildConfigurations = (
				5A1BBA751B58029D00D4B43D /* Debug */,
				5A1BBA761B58029D00D4B43D /* Release */,
			);
			defaultConfigurationIsVisible = 0;
			defaultConfigurationName = Release;
		};
/* End XCConfigurationList section */

/* Begin XCVersionGroup section */
		5A1BBA561B58029D00D4B43D /* QRGS1_026.xcdatamodeld */ = {
			isa = XCVersionGroup;
			children = (
				5A1BBA571B58029D00D4B43D /* QRGS1_026.xcdatamodel */,
			);
			currentVersion = 5A1BBA571B58029D00D4B43D /* QRGS1_026.xcdatamodel */;
			path = QRGS1_026.xcdatamodeld;
			sourceTree = "<group>";
			versionGroupType = wrapper.xcdatamodel;
		};
/* End XCVersionGroup section */
	};
	rootObject = 5A1BBA471B58029C00D4B43D /* Project object */;
}
